{
  "projects": [
    {
      "projectId": "caTPwKxj5ZrD9LQ7DMdK4Z",
      "version": "3.40.0",
      "dependencies": {},
      "lang": "ts",
      "fileLocks": [
        {
          "assetId": "caTPwKxj5ZrD9LQ7DMdK4Z",
          "type": "projectCss",
          "checksum": "1c02168c6b23256606111fdfdbb63549"
        }
      ],
      "codegenVersion": "0.0.1"
    },
    {
      "projectId": "YUiM7yqBWAqsh8KSnrdj7",
      "version": "0.33.0",
      "dependencies": {},
      "lang": "ts",
      "fileLocks": [
        {
          "assetId": "YUiM7yqBWAqsh8KSnrdj7",
          "type": "projectCss",
          "checksum": "21b499a9da4edbc2266c72c2ba127787"
        }
      ],
      "codegenVersion": "0.0.1"
    },
    {
      "projectId": "9Vr5YWkf3w7jj6SsTcCEta",
      "version": "0.13.0",
      "dependencies": {},
      "lang": "ts",
      "fileLocks": [
        {
          "assetId": "9Vr5YWkf3w7jj6SsTcCEta",
          "type": "projectCss",
          "checksum": "1c02168c6b23256606111fdfdbb63549"
        }
      ],
      "codegenVersion": "0.0.1"
    },
    {
      "projectId": "jkU633o1Cz7HrJdwdxhVHk",
      "version": "16.13.0",
      "dependencies": {},
      "lang": "ts",
      "fileLocks": [
        {
          "assetId": "jkU633o1Cz7HrJdwdxhVHk",
          "type": "projectCss",
          "checksum": "cf57d229ecea50678d9d8d3bc0e3dd9b"
        }
      ],
      "codegenVersion": "0.0.1"
    },
    {
      "projectId": "ohDidvG9XsCeFumugENU3J",
      "version": "6.28.0",
      "dependencies": {},
      "lang": "ts",
      "fileLocks": [
        {
          "assetId": "ohDidvG9XsCeFumugENU3J",
          "checksum": "de0a0e65174a6a185a8f822af51c6bdd",
          "type": "globalContexts"
        },
        {
          "assetId": "ohDidvG9XsCeFumugENU3J",
          "type": "projectCss",
          "checksum": "ba2a60a163fca4f4d510275088a2be53"
        }
      ],
      "codegenVersion": "0.0.1"
    },
    {
      "projectId": "7YxWRrh3dN23tQ7PqjX2hp",
      "version": "latest",
      "dependencies": {
        "ohDidvG9XsCeFumugENU3J": "6.28.0",
        "jkU633o1Cz7HrJdwdxhVHk": "16.13.0",
        "9Vr5YWkf3w7jj6SsTcCEta": "0.13.0",
        "YUiM7yqBWAqsh8KSnrdj7": "0.33.0",
        "caTPwKxj5ZrD9LQ7DMdK4Z": "3.40.0",
        "hjKYmYi6HMwK6TRyk7ew5R": "6.42.0",
        "vqeFwpZFQ6buChy6T9PGwQ": "0.12.0",
        "a3pmZtcpA5asHkNtN3SGoF": "0.4.0",
        "gmeH6XgPaBtkt51HunAo4g": "18.12.0"
      },
      "lang": "ts",
      "fileLocks": [
        {
          "type": "globalVariant",
          "assetId": "SDH9n1Hl4p9m",
          "checksum": "6b237f50b5a73af94738b03c2a287c09"
        },
        {
          "assetId": "7YxWRrh3dN23tQ7PqjX2hp",
          "checksum": "f6fed560187f9a56018605edf2e3fd05",
          "type": "globalContexts"
        },
        {
          "type": "renderModule",
          "assetId": "jg4y0aIywfx4",
          "checksum": "be4ec96fad9fab18b7804e9e0ea0b8c3"
        },
        {
          "type": "cssRules",
          "assetId": "jg4y0aIywfx4",
          "checksum": "be4ec96fad9fab18b7804e9e0ea0b8c3"
        },
        {
          "type": "renderModule",
          "assetId": "EPKK2oVRsr9Z",
          "checksum": "b1d46d344399bdfd03a3c01a5332fd81"
        },
        {
          "type": "cssRules",
          "assetId": "EPKK2oVRsr9Z",
          "checksum": "b1d46d344399bdfd03a3c01a5332fd81"
        },
        {
          "type": "renderModule",
          "assetId": "PlUFaVq0OU9N",
          "checksum": "3480298a89622d4307f087cccb07831c"
        },
        {
          "type": "cssRules",
          "assetId": "PlUFaVq0OU9N",
          "checksum": "3480298a89622d4307f087cccb07831c"
        },
        {
          "type": "renderModule",
          "assetId": "uZX7p1wyVbCa",
          "checksum": "e73d644f849bf7f635693fedc91547fa"
        },
        {
          "type": "cssRules",
          "assetId": "uZX7p1wyVbCa",
          "checksum": "e73d644f849bf7f635693fedc91547fa"
        },
        {
          "type": "renderModule",
          "assetId": "LngTPJbjIcFc",
          "checksum": "d6e9c77b6c81474f7e2359de1a652fa2"
        },
        {
          "type": "cssRules",
          "assetId": "LngTPJbjIcFc",
          "checksum": "d6e9c77b6c81474f7e2359de1a652fa2"
        },
        {
          "type": "renderModule",
          "assetId": "y5bK6cuiDfRH",
          "checksum": "98a7d042d7e10bd128a064abcd240d24"
        },
        {
          "type": "cssRules",
          "assetId": "y5bK6cuiDfRH",
          "checksum": "98a7d042d7e10bd128a064abcd240d24"
        },
        {
          "type": "renderModule",
          "assetId": "nREGSf5d9U6b",
          "checksum": "870c7684d7577878b3a814e45b319fc6"
        },
        {
          "type": "cssRules",
          "assetId": "nREGSf5d9U6b",
          "checksum": "870c7684d7577878b3a814e45b319fc6"
        },
        {
          "type": "renderModule",
          "assetId": "Sa03e9TtRTn9",
          "checksum": "61b62f4fa1c44e76411c535f0455955d"
        },
        {
          "type": "cssRules",
          "assetId": "Sa03e9TtRTn9",
          "checksum": "61b62f4fa1c44e76411c535f0455955d"
        },
        {
          "type": "renderModule",
          "assetId": "QQmpzqRW7UA6",
          "checksum": "3e80001b17db870576cd0fa5ff550c65"
        },
        {
          "type": "cssRules",
          "assetId": "QQmpzqRW7UA6",
          "checksum": "3e80001b17db870576cd0fa5ff550c65"
        },
        {
          "type": "renderModule",
          "assetId": "M8zRUDGpJPUh",
          "checksum": "c32b7327c04dfbe7e9bdbff0cb882a90"
        },
        {
          "type": "cssRules",
          "assetId": "M8zRUDGpJPUh",
          "checksum": "c32b7327c04dfbe7e9bdbff0cb882a90"
        },
        {
          "type": "renderModule",
          "assetId": "ktO4GHy5gyrv",
          "checksum": "cbc9c3297dc8c3d395a81ccc48df42a4"
        },
        {
          "type": "cssRules",
          "assetId": "ktO4GHy5gyrv",
          "checksum": "cbc9c3297dc8c3d395a81ccc48df42a4"
        },
        {
          "type": "renderModule",
          "assetId": "YbZTs13C0bC8",
          "checksum": "d7824ecc63fdbb8057d55f23d38fdfa5"
        },
        {
          "type": "cssRules",
          "assetId": "YbZTs13C0bC8",
          "checksum": "d7824ecc63fdbb8057d55f23d38fdfa5"
        },
        {
          "type": "icon",
          "assetId": "hPs_YJGbsfDu",
          "checksum": "ff4722c11df0dab2798ffeeb3418e15a"
        },
        {
          "type": "icon",
          "assetId": "MlVV28eg4dbe",
          "checksum": "0003c89efc45f361452ac661f2e685ec"
        },
        {
          "type": "image",
          "assetId": "OQUUrzDJfp6l",
          "checksum": "ade1ed8c2121f66332a0be7366209cb7"
        },
        {
          "type": "renderModule",
          "assetId": "ztikhjgYujI4",
          "checksum": "e36bb10d2b55624991743dee1ae622e5"
        },
        {
          "type": "cssRules",
          "assetId": "ztikhjgYujI4",
          "checksum": "e36bb10d2b55624991743dee1ae622e5"
        },
        {
          "type": "renderModule",
          "assetId": "MFeYqTwC_Y94",
          "checksum": "27ee4a7a98282d79694abee23ee246c0"
        },
        {
          "type": "cssRules",
          "assetId": "MFeYqTwC_Y94",
          "checksum": "27ee4a7a98282d79694abee23ee246c0"
        },
        {
          "type": "renderModule",
          "assetId": "K8RW5DNl8CRn",
          "checksum": "fe736252c96246fc45bb7e3a4df0d3b5"
        },
        {
          "type": "cssRules",
          "assetId": "K8RW5DNl8CRn",
          "checksum": "fe736252c96246fc45bb7e3a4df0d3b5"
        },
        {
          "type": "renderModule",
          "assetId": "Q1Y3RpVDuk0W",
          "checksum": "08bd9729121680342ba724a8de43a936"
        },
        {
          "type": "cssRules",
          "assetId": "Q1Y3RpVDuk0W",
          "checksum": "08bd9729121680342ba724a8de43a936"
        },
        {
          "type": "renderModule",
          "assetId": "07htI-B8VH1o",
          "checksum": "44e3c2b642932f77602e2f1bd9ec770e"
        },
        {
          "type": "cssRules",
          "assetId": "07htI-B8VH1o",
          "checksum": "44e3c2b642932f77602e2f1bd9ec770e"
        },
        {
          "type": "renderModule",
          "assetId": "k-aRG--Ndakq",
          "checksum": "bf84156fad4e02c262ebcec4900ff301"
        },
        {
          "type": "cssRules",
          "assetId": "k-aRG--Ndakq",
          "checksum": "bf84156fad4e02c262ebcec4900ff301"
        },
        {
          "type": "renderModule",
          "assetId": "pFlTHvbZzSQb",
          "checksum": "b9c07516be73a8be8b1a54fcf616e7a2"
        },
        {
          "type": "cssRules",
          "assetId": "pFlTHvbZzSQb",
          "checksum": "b9c07516be73a8be8b1a54fcf616e7a2"
        },
        {
          "type": "renderModule",
          "assetId": "2yhM4hehNDCv",
          "checksum": "f2af50a93ebb68647a0bdf2034512e77"
        },
        {
          "type": "cssRules",
          "assetId": "2yhM4hehNDCv",
          "checksum": "f2af50a93ebb68647a0bdf2034512e77"
        },
        {
          "type": "renderModule",
          "assetId": "BkB9iEume48d",
          "checksum": "1e34ab292c401911d990d61f9f31cb98"
        },
        {
          "type": "cssRules",
          "assetId": "BkB9iEume48d",
          "checksum": "1e34ab292c401911d990d61f9f31cb98"
        },
        {
          "type": "renderModule",
          "assetId": "Bgwz9zADL-1Q",
          "checksum": "6c9fa64f3a910e39184da3f17cdd0617"
        },
        {
          "type": "cssRules",
          "assetId": "Bgwz9zADL-1Q",
          "checksum": "6c9fa64f3a910e39184da3f17cdd0617"
        },
        {
          "type": "renderModule",
          "assetId": "C6Kub6r1yktb",
          "checksum": "49e2424c3b1f4400099930960cab5d3f"
        },
        {
          "type": "cssRules",
          "assetId": "C6Kub6r1yktb",
          "checksum": "49e2424c3b1f4400099930960cab5d3f"
        },
        {
          "type": "renderModule",
          "assetId": "x-Slhet5pQzM",
          "checksum": "845b000df78907044b2d1617765f441a"
        },
        {
          "type": "cssRules",
          "assetId": "x-Slhet5pQzM",
          "checksum": "845b000df78907044b2d1617765f441a"
        },
        {
          "type": "renderModule",
          "assetId": "uOXSGjdx3eNE",
          "checksum": "d64f593ff82992b3bcb8fed30d2104da"
        },
        {
          "type": "cssRules",
          "assetId": "uOXSGjdx3eNE",
          "checksum": "d64f593ff82992b3bcb8fed30d2104da"
        },
        {
          "type": "renderModule",
          "assetId": "PTJWV9SkSLGx",
          "checksum": "32461a6bb16caa9d8ddbff9f3f688394"
        },
        {
          "type": "cssRules",
          "assetId": "PTJWV9SkSLGx",
          "checksum": "32461a6bb16caa9d8ddbff9f3f688394"
        },
        {
          "type": "renderModule",
          "assetId": "kd7ahv1K0Lgk",
          "checksum": "5513597d857eb24ef9492aa38489da52"
        },
        {
          "type": "cssRules",
          "assetId": "kd7ahv1K0Lgk",
          "checksum": "5513597d857eb24ef9492aa38489da52"
        },
        {
          "type": "renderModule",
          "assetId": "l7QAGd-ZHRah",
          "checksum": "f936e02f1a0ba14692923b6eadc14753"
        },
        {
          "type": "cssRules",
          "assetId": "l7QAGd-ZHRah",
          "checksum": "f936e02f1a0ba14692923b6eadc14753"
        },
        {
          "type": "icon",
          "assetId": "CDVnbLzkg1-7",
          "checksum": "843d5fa0c224ec47203d40a9851f5434"
        },
        {
          "type": "icon",
          "assetId": "JT75l_Xzekjr",
          "checksum": "f8f89083aca9fe79206227bfb3a1e5a2"
        },
        {
          "type": "icon",
          "assetId": "JoOaxx2eTHjW",
          "checksum": "25e1cccbe3c865fa2e902c237147fc6d"
        },
        {
          "type": "icon",
          "assetId": "A5zZQP-bEkgv",
          "checksum": "e7a2124a0a2bb9dedcb269f72891035d"
        },
        {
          "assetId": "7YxWRrh3dN23tQ7PqjX2hp",
          "type": "projectCss",
          "checksum": "dc71a7377eac05135e44e833d8e8e0f9"
        }
      ],
      "codegenVersion": "0.0.1"
    },
    {
      "projectId": "gmeH6XgPaBtkt51HunAo4g",
      "version": "18.12.0",
      "dependencies": {},
      "lang": "ts",
      "fileLocks": [
        {
          "assetId": "gmeH6XgPaBtkt51HunAo4g",
          "type": "projectCss",
          "checksum": "1c02168c6b23256606111fdfdbb63549"
        }
      ],
      "codegenVersion": "0.0.1"
    },
    {
      "projectId": "a3pmZtcpA5asHkNtN3SGoF",
      "version": "0.4.0",
      "dependencies": {},
      "lang": "ts",
      "fileLocks": [
        {
          "assetId": "a3pmZtcpA5asHkNtN3SGoF",
          "type": "projectCss",
          "checksum": "1c02168c6b23256606111fdfdbb63549"
        }
      ],
      "codegenVersion": "0.0.1"
    },
    {
      "projectId": "vqeFwpZFQ6buChy6T9PGwQ",
      "version": "0.12.0",
      "dependencies": {},
      "lang": "ts",
      "fileLocks": [
        {
          "assetId": "vqeFwpZFQ6buChy6T9PGwQ",
          "type": "projectCss",
          "checksum": "1c02168c6b23256606111fdfdbb63549"
        }
      ],
      "codegenVersion": "0.0.1"
    },
    {
      "projectId": "hjKYmYi6HMwK6TRyk7ew5R",
      "version": "6.42.0",
      "dependencies": {},
      "lang": "ts",
      "fileLocks": [
        {
          "assetId": "hjKYmYi6HMwK6TRyk7ew5R",
          "type": "projectCss",
          "checksum": "8261c92e439d6a43426690ea3cba615f"
        },
        {
          "assetId": "hjKYmYi6HMwK6TRyk7ew5R",
          "checksum": "ce1c1c4c2068f2505d175a1b6e17d26a",
          "type": "globalContexts"
        }
      ],
      "codegenVersion": "0.0.1"
    }
  ],
  "cliVersion": "0.1.334"
}
